// !$*UTF8*$!
{
	archiveVersion = 1;
	classes = {
	};
	objectVersion = 56;
	objects = {

/* Begin PBXBuildFile section */
		173DD17F2A9458D8000B3133 /* LandmarksApp.swift in Sources */ = {isa = PBXBuildFile; fileRef = 173DD17E2A9458D8000B3133 /* LandmarksApp.swift */; };
		173DD1812A9458D8000B3133 /* ContentView.swift in Sources */ = {isa = PBXBuildFile; fileRef = 173DD1802A9458D8000B3133 /* ContentView.swift */; };
		173DD1832A9458D9000B3133 /* Assets.xcassets in Resources */ = {isa = PBXBuildFile; fileRef = 173DD1822A9458D9000B3133 /* Assets.xcassets */; };
		173DD1862A9458D9000B3133 /* Preview Assets.xcassets in Resources */ = {isa = PBXBuildFile; fileRef = 173DD1852A9458D9000B3133 /* Preview Assets.xcassets */; };
		173DD1902A9458D9000B3133 /* LandmarksTests.swift in Sources */ = {isa = PBXBuildFile; fileRef = 173DD18F2A9458D9000B3133 /* LandmarksTests.swift */; };
		173DD19A2A9458D9000B3133 /* LandmarksUITests.swift in Sources */ = {isa = PBXBuildFile; fileRef = 173DD1992A9458D9000B3133 /* LandmarksUITests.swift */; };
		173DD19C2A9458D9000B3133 /* LandmarksUITestsLaunchTests.swift in Sources */ = {isa = PBXBuildFile; fileRef = 173DD19B2A9458D9000B3133 /* LandmarksUITestsLaunchTests.swift */; };
		173DD1AB2A9460E7000B3133 /* CircleImage.swift in Sources */ = {isa = PBXBuildFile; fileRef = 173DD1AA2A9460E7000B3133 /* CircleImage.swift */; };
		175533C12A99926800E714BA /* HexagonParameters.swift in Sources */ = {isa = PBXBuildFile; fileRef = 175533C02A99926800E714BA /* HexagonParameters.swift */; };
		175533C32A99949B00E714BA /* BadgeBackground.swift in Sources */ = {isa = PBXBuildFile; fileRef = 175533C22A99949B00E714BA /* BadgeBackground.swift */; };
		175533C52A999AAA00E714BA /* BadgeSymbol.swift in Sources */ = {isa = PBXBuildFile; fileRef = 175533C42A999AAA00E714BA /* BadgeSymbol.swift */; };
		175533C72A999B5400E714BA /* RotatedBadgeSymbol.swift in Sources */ = {isa = PBXBuildFile; fileRef = 175533C62A999B5400E714BA /* RotatedBadgeSymbol.swift */; };
		175533C92A999BD100E714BA /* Badge.swift in Sources */ = {isa = PBXBuildFile; fileRef = 175533C82A999BD100E714BA /* Badge.swift */; };
		175533CC2A99A09700E714BA /* hikeData.json in Resources */ = {isa = PBXBuildFile; fileRef = 175533CB2A99A09700E714BA /* hikeData.json */; };
		175533CE2A99A1DB00E714BA /* Hike.swift in Sources */ = {isa = PBXBuildFile; fileRef = 175533CD2A99A1DB00E714BA /* Hike.swift */; };
		175533D42A99A35E00E714BA /* GraphCapsule.swift in Sources */ = {isa = PBXBuildFile; fileRef = 175533D02A99A35E00E714BA /* GraphCapsule.swift */; };
		175533D52A99A35E00E714BA /* HikeGraph.swift in Sources */ = {isa = PBXBuildFile; fileRef = 175533D12A99A35E00E714BA /* HikeGraph.swift */; };
		175533D62A99A35E00E714BA /* HikeDetail.swift in Sources */ = {isa = PBXBuildFile; fileRef = 175533D22A99A35E00E714BA /* HikeDetail.swift */; };
		175533D72A99A35E00E714BA /* HikeView.swift in Sources */ = {isa = PBXBuildFile; fileRef = 175533D32A99A35E00E714BA /* HikeView.swift */; };
		1767232C2A9593A700689E82 /* ModelData.swift in Sources */ = {isa = PBXBuildFile; fileRef = 1767232B2A9593A700689E82 /* ModelData.swift */; };
		176723322A96F36E00689E82 /* LandmarkRow.swift in Sources */ = {isa = PBXBuildFile; fileRef = 176723312A96F36E00689E82 /* LandmarkRow.swift */; };
		176723342A96F96C00689E82 /* LandmarkList.swift in Sources */ = {isa = PBXBuildFile; fileRef = 176723332A96F96C00689E82 /* LandmarkList.swift */; };
		176723362A96FF1A00689E82 /* LandmarkDetail.swift in Sources */ = {isa = PBXBuildFile; fileRef = 176723352A96FF1900689E82 /* LandmarkDetail.swift */; };
		176723382A981B0800689E82 /* FavoriteButton.swift in Sources */ = {isa = PBXBuildFile; fileRef = 176723372A981B0800689E82 /* FavoriteButton.swift */; };
		179577752A9546FF00411CF9 /* MapView.swift in Sources */ = {isa = PBXBuildFile; fileRef = 179577742A9546FF00411CF9 /* MapView.swift */; };
		179577772A95521700411CF9 /* landmarkData.json in Resources */ = {isa = PBXBuildFile; fileRef = 179577762A95521600411CF9 /* landmarkData.json */; };
		179577792A95523200411CF9 /* Landmark.swift in Sources */ = {isa = PBXBuildFile; fileRef = 179577782A95523200411CF9 /* Landmark.swift */; };
/* End PBXBuildFile section */

/* Begin PBXContainerItemProxy section */
		173DD18C2A9458D9000B3133 /* PBXContainerItemProxy */ = {
			isa = PBXContainerItemProxy;
			containerPortal = 173DD1732A9458D8000B3133 /* Project object */;
			proxyType = 1;
			remoteGlobalIDString = 173DD17A2A9458D8000B3133;
			remoteInfo = Landmarks;
		};
		173DD1962A9458D9000B3133 /* PBXContainerItemProxy */ = {
			isa = PBXContainerItemProxy;
			containerPortal = 173DD1732A9458D8000B3133 /* Project object */;
			proxyType = 1;
			remoteGlobalIDString = 173DD17A2A9458D8000B3133;
			remoteInfo = Landmarks;
		};
/* End PBXContainerItemProxy section */

/* Begin PBXFileReference section */
		173DD17B2A9458D8000B3133 /* Landmarks.app */ = {isa = PBXFileReference; explicitFileType = wrapper.application; includeInIndex = 0; path = Landmarks.app; sourceTree = BUILT_PRODUCTS_DIR; };
		173DD17E2A9458D8000B3133 /* LandmarksApp.swift */ = {isa = PBXFileReference; lastKnownFileType = sourcecode.swift; path = LandmarksApp.swift; sourceTree = "<group>"; };
		173DD1802A9458D8000B3133 /* ContentView.swift */ = {isa = PBXFileReference; lastKnownFileType = sourcecode.swift; path = ContentView.swift; sourceTree = "<group>"; };
		173DD1822A9458D9000B3133 /* Assets.xcassets */ = {isa = PBXFileReference; lastKnownFileType = folder.assetcatalog; path = Assets.xcassets; sourceTree = "<group>"; };
		173DD1852A9458D9000B3133 /* Preview Assets.xcassets */ = {isa = PBXFileReference; lastKnownFileType = folder.assetcatalog; path = "Preview Assets.xcassets"; sourceTree = "<group>"; };
		173DD18B2A9458D9000B3133 /* LandmarksTests.xctest */ = {isa = PBXFileReference; explicitFileType = wrapper.cfbundle; includeInIndex = 0; path = LandmarksTests.xctest; sourceTree = BUILT_PRODUCTS_DIR; };
		173DD18F2A9458D9000B3133 /* LandmarksTests.swift */ = {isa = PBXFileReference; lastKnownFileType = sourcecode.swift; path = LandmarksTests.swift; sourceTree = "<group>"; };
		173DD1952A9458D9000B3133 /* LandmarksUITests.xctest */ = {isa = PBXFileReference; explicitFileType = wrapper.cfbundle; includeInIndex = 0; path = LandmarksUITests.xctest; sourceTree = BUILT_PRODUCTS_DIR; };
		173DD1992A9458D9000B3133 /* LandmarksUITests.swift */ = {isa = PBXFileReference; lastKnownFileType = sourcecode.swift; path = LandmarksUITests.swift; sourceTree = "<group>"; };
		173DD19B2A9458D9000B3133 /* LandmarksUITestsLaunchTests.swift */ = {isa = PBXFileReference; lastKnownFileType = sourcecode.swift; path = LandmarksUITestsLaunchTests.swift; sourceTree = "<group>"; };
		173DD1AA2A9460E7000B3133 /* CircleImage.swift */ = {isa = PBXFileReference; lastKnownFileType = sourcecode.swift; path = CircleImage.swift; sourceTree = "<group>"; };
		175533C02A99926800E714BA /* HexagonParameters.swift */ = {isa = PBXFileReference; lastKnownFileType = sourcecode.swift; path = HexagonParameters.swift; sourceTree = "<group>"; };
		175533C22A99949B00E714BA /* BadgeBackground.swift */ = {isa = PBXFileReference; lastKnownFileType = sourcecode.swift; path = BadgeBackground.swift; sourceTree = "<group>"; };
		175533C42A999AAA00E714BA /* BadgeSymbol.swift */ = {isa = PBXFileReference; lastKnownFileType = sourcecode.swift; path = BadgeSymbol.swift; sourceTree = "<group>"; };
		175533C62A999B5400E714BA /* RotatedBadgeSymbol.swift */ = {isa = PBXFileReference; lastKnownFileType = sourcecode.swift; path = RotatedBadgeSymbol.swift; sourceTree = "<group>"; };
		175533C82A999BD100E714BA /* Badge.swift */ = {isa = PBXFileReference; lastKnownFileType = sourcecode.swift; path = Badge.swift; sourceTree = "<group>"; };
		175533CB2A99A09700E714BA /* hikeData.json */ = {isa = PBXFileReference; fileEncoding = 4; lastKnownFileType = text.json; path = hikeData.json; sourceTree = "<group>"; };
		175533CD2A99A1DB00E714BA /* Hike.swift */ = {isa = PBXFileReference; lastKnownFileType = sourcecode.swift; path = Hike.swift; sourceTree = "<group>"; };
		175533D02A99A35E00E714BA /* GraphCapsule.swift */ = {isa = PBXFileReference; fileEncoding = 4; lastKnownFileType = sourcecode.swift; path = GraphCapsule.swift; sourceTree = "<group>"; };
		175533D12A99A35E00E714BA /* HikeGraph.swift */ = {isa = PBXFileReference; fileEncoding = 4; lastKnownFileType = sourcecode.swift; path = HikeGraph.swift; sourceTree = "<group>"; };
		175533D22A99A35E00E714BA /* HikeDetail.swift */ = {isa = PBXFileReference; fileEncoding = 4; lastKnownFileType = sourcecode.swift; path = HikeDetail.swift; sourceTree = "<group>"; };
		175533D32A99A35E00E714BA /* HikeView.swift */ = {isa = PBXFileReference; fileEncoding = 4; lastKnownFileType = sourcecode.swift; path = HikeView.swift; sourceTree = "<group>"; };
		1767232B2A9593A700689E82 /* ModelData.swift */ = {isa = PBXFileReference; lastKnownFileType = sourcecode.swift; path = ModelData.swift; sourceTree = "<group>"; };
		176723312A96F36E00689E82 /* LandmarkRow.swift */ = {isa = PBXFileReference; lastKnownFileType = sourcecode.swift; path = LandmarkRow.swift; sourceTree = "<group>"; };
		176723332A96F96C00689E82 /* LandmarkList.swift */ = {isa = PBXFileReference; lastKnownFileType = sourcecode.swift; path = LandmarkList.swift; sourceTree = "<group>"; };
		176723352A96FF1900689E82 /* LandmarkDetail.swift */ = {isa = PBXFileReference; lastKnownFileType = sourcecode.swift; path = LandmarkDetail.swift; sourceTree = "<group>"; };
		176723372A981B0800689E82 /* FavoriteButton.swift */ = {isa = PBXFileReference; lastKnownFileType = sourcecode.swift; path = FavoriteButton.swift; sourceTree = "<group>"; };
		179577742A9546FF00411CF9 /* MapView.swift */ = {isa = PBXFileReference; lastKnownFileType = sourcecode.swift; path = MapView.swift; sourceTree = "<group>"; };
		179577762A95521600411CF9 /* landmarkData.json */ = {isa = PBXFileReference; fileEncoding = 4; lastKnownFileType = text.json; path = landmarkData.json; sourceTree = "<group>"; };
		179577782A95523200411CF9 /* Landmark.swift */ = {isa = PBXFileReference; lastKnownFileType = sourcecode.swift; path = Landmark.swift; sourceTree = "<group>"; };
/* End PBXFileReference section */

/* Begin PBXFrameworksBuildPhase section */
		173DD1782A9458D8000B3133 /* Frameworks */ = {
			isa = PBXFrameworksBuildPhase;
			buildActionMask = 2147483647;
			files = (
			);
			runOnlyForDeploymentPostprocessing = 0;
		};
		173DD1882A9458D9000B3133 /* Frameworks */ = {
			isa = PBXFrameworksBuildPhase;
			buildActionMask = 2147483647;
			files = (
			);
			runOnlyForDeploymentPostprocessing = 0;
		};
		173DD1922A9458D9000B3133 /* Frameworks */ = {
			isa = PBXFrameworksBuildPhase;
			buildActionMask = 2147483647;
			files = (
			);
			runOnlyForDeploymentPostprocessing = 0;
		};
/* End PBXFrameworksBuildPhase section */

/* Begin PBXGroup section */
		173DD1722A9458D8000B3133 = {
			isa = PBXGroup;
			children = (
				173DD17D2A9458D8000B3133 /* Landmarks */,
				173DD18E2A9458D9000B3133 /* LandmarksTests */,
				173DD1982A9458D9000B3133 /* LandmarksUITests */,
				173DD17C2A9458D8000B3133 /* Products */,
			);
			sourceTree = "<group>";
		};
		173DD17C2A9458D8000B3133 /* Products */ = {
			isa = PBXGroup;
			children = (
				173DD17B2A9458D8000B3133 /* Landmarks.app */,
				173DD18B2A9458D9000B3133 /* LandmarksTests.xctest */,
				173DD1952A9458D9000B3133 /* LandmarksUITests.xctest */,
			);
			name = Products;
			sourceTree = "<group>";
		};
		173DD17D2A9458D8000B3133 /* Landmarks */ = {
			isa = PBXGroup;
			children = (
				1767232E2A96F2D700689E82 /* Model */,
				1767232D2A96F2CC00689E82 /* Views */,
				176723302A96F30700689E82 /* Resources */,
				173DD17E2A9458D8000B3133 /* LandmarksApp.swift */,
				173DD1822A9458D9000B3133 /* Assets.xcassets */,
				173DD1842A9458D9000B3133 /* Preview Content */,
			);
			path = Landmarks;
			sourceTree = "<group>";
		};
		173DD1842A9458D9000B3133 /* Preview Content */ = {
			isa = PBXGroup;
			children = (
				173DD1852A9458D9000B3133 /* Preview Assets.xcassets */,
			);
			path = "Preview Content";
			sourceTree = "<group>";
		};
		173DD18E2A9458D9000B3133 /* LandmarksTests */ = {
			isa = PBXGroup;
			children = (
				173DD18F2A9458D9000B3133 /* LandmarksTests.swift */,
			);
			path = LandmarksTests;
			sourceTree = "<group>";
		};
		173DD1982A9458D9000B3133 /* LandmarksUITests */ = {
			isa = PBXGroup;
			children = (
				173DD1992A9458D9000B3133 /* LandmarksUITests.swift */,
				173DD19B2A9458D9000B3133 /* LandmarksUITestsLaunchTests.swift */,
			);
			path = LandmarksUITests;
			sourceTree = "<group>";
		};
		175533CA2A999D0C00E714BA /* Badges */ = {
			isa = PBXGroup;
			children = (
				175533C02A99926800E714BA /* HexagonParameters.swift */,
				175533C22A99949B00E714BA /* BadgeBackground.swift */,
				175533C42A999AAA00E714BA /* BadgeSymbol.swift */,
				175533C62A999B5400E714BA /* RotatedBadgeSymbol.swift */,
				175533C82A999BD100E714BA /* Badge.swift */,
			);
			path = Badges;
			sourceTree = "<group>";
		};
		175533CF2A99A35E00E714BA /* Hikes */ = {
			isa = PBXGroup;
			children = (
				175533D02A99A35E00E714BA /* GraphCapsule.swift */,
				175533D12A99A35E00E714BA /* HikeGraph.swift */,
				175533D22A99A35E00E714BA /* HikeDetail.swift */,
				175533D32A99A35E00E714BA /* HikeView.swift */,
			);
			path = Hikes;
			sourceTree = "<group>";
		};
		1767232D2A96F2CC00689E82 /* Views */ = {
			isa = PBXGroup;
			children = (
				175533CF2A99A35E00E714BA /* Hikes */,
				173DD1802A9458D8000B3133 /* ContentView.swift */,
				1767233A2A981C9300689E82 /* Helpers */,
				176723392A981C8000689E82 /* Landmarks */,
				175533CA2A999D0C00E714BA /* Badges */,
			);
			path = Views;
			sourceTree = "<group>";
		};
		1767232E2A96F2D700689E82 /* Model */ = {
			isa = PBXGroup;
			children = (
				179577782A95523200411CF9 /* Landmark.swift */,
				1767232B2A9593A700689E82 /* ModelData.swift */,
				175533CD2A99A1DB00E714BA /* Hike.swift */,
			);
			path = Model;
			sourceTree = "<group>";
		};
		176723302A96F30700689E82 /* Resources */ = {
			isa = PBXGroup;
			children = (
				175533CB2A99A09700E714BA /* hikeData.json */,
				179577762A95521600411CF9 /* landmarkData.json */,
			);
			path = Resources;
			sourceTree = "<group>";
		};
		176723392A981C8000689E82 /* Landmarks */ = {
			isa = PBXGroup;
			children = (
				176723312A96F36E00689E82 /* LandmarkRow.swift */,
				176723332A96F96C00689E82 /* LandmarkList.swift */,
				176723352A96FF1900689E82 /* LandmarkDetail.swift */,
			);
			path = Landmarks;
			sourceTree = "<group>";
		};
		1767233A2A981C9300689E82 /* Helpers */ = {
			isa = PBXGroup;
			children = (
				173DD1AA2A9460E7000B3133 /* CircleImage.swift */,
				179577742A9546FF00411CF9 /* MapView.swift */,
				176723372A981B0800689E82 /* FavoriteButton.swift */,
			);
			path = Helpers;
			sourceTree = "<group>";
		};
/* End PBXGroup section */

/* Begin PBXNativeTarget section */
		173DD17A2A9458D8000B3133 /* Landmarks */ = {
			isa = PBXNativeTarget;
			buildConfigurationList = 173DD19F2A9458D9000B3133 /* Build configuration list for PBXNativeTarget "Landmarks" */;
			buildPhases = (
				173DD1772A9458D8000B3133 /* Sources */,
				173DD1782A9458D8000B3133 /* Frameworks */,
				173DD1792A9458D8000B3133 /* Resources */,
			);
			buildRules = (
			);
			dependencies = (
			);
			name = Landmarks;
			productName = Landmarks;
			productReference = 173DD17B2A9458D8000B3133 /* Landmarks.app */;
			productType = "com.apple.product-type.application";
		};
		173DD18A2A9458D9000B3133 /* LandmarksTests */ = {
			isa = PBXNativeTarget;
			buildConfigurationList = 173DD1A22A9458D9000B3133 /* Build configuration list for PBXNativeTarget "LandmarksTests" */;
			buildPhases = (
				173DD1872A9458D9000B3133 /* Sources */,
				173DD1882A9458D9000B3133 /* Frameworks */,
				173DD1892A9458D9000B3133 /* Resources */,
			);
			buildRules = (
			);
			dependencies = (
				173DD18D2A9458D9000B3133 /* PBXTargetDependency */,
			);
			name = LandmarksTests;
			productName = LandmarksTests;
			productReference = 173DD18B2A9458D9000B3133 /* LandmarksTests.xctest */;
			productType = "com.apple.product-type.bundle.unit-test";
		};
		173DD1942A9458D9000B3133 /* LandmarksUITests */ = {
			isa = PBXNativeTarget;
			buildConfigurationList = 173DD1A52A9458D9000B3133 /* Build configuration list for PBXNativeTarget "LandmarksUITests" */;
			buildPhases = (
				173DD1912A9458D9000B3133 /* Sources */,
				173DD1922A9458D9000B3133 /* Frameworks */,
				173DD1932A9458D9000B3133 /* Resources */,
			);
			buildRules = (
			);
			dependencies = (
				173DD1972A9458D9000B3133 /* PBXTargetDependency */,
			);
			name = LandmarksUITests;
			productName = LandmarksUITests;
			productReference = 173DD1952A9458D9000B3133 /* LandmarksUITests.xctest */;
			productType = "com.apple.product-type.bundle.ui-testing";
		};
/* End PBXNativeTarget section */

/* Begin PBXProject section */
		173DD1732A9458D8000B3133 /* Project object */ = {
			isa = PBXProject;
			attributes = {
				BuildIndependentTargetsInParallel = 1;
				LastSwiftUpdateCheck = 1430;
				LastUpgradeCheck = 1430;
				TargetAttributes = {
					173DD17A2A9458D8000B3133 = {
						CreatedOnToolsVersion = 14.3.1;
					};
					173DD18A2A9458D9000B3133 = {
						CreatedOnToolsVersion = 14.3.1;
						TestTargetID = 173DD17A2A9458D8000B3133;
					};
					173DD1942A9458D9000B3133 = {
						CreatedOnToolsVersion = 14.3.1;
						TestTargetID = 173DD17A2A9458D8000B3133;
					};
				};
			};
			buildConfigurationList = 173DD1762A9458D8000B3133 /* Build configuration list for PBXProject "Landmarks" */;
			compatibilityVersion = "Xcode 14.0";
			developmentRegion = en;
			hasScannedForEncodings = 0;
			knownRegions = (
				en,
				Base,
			);
			mainGroup = 173DD1722A9458D8000B3133;
			productRefGroup = 173DD17C2A9458D8000B3133 /* Products */;
			projectDirPath = "";
			projectRoot = "";
			targets = (
				173DD17A2A9458D8000B3133 /* Landmarks */,
				173DD18A2A9458D9000B3133 /* LandmarksTests */,
				173DD1942A9458D9000B3133 /* LandmarksUITests */,
			);
		};
/* End PBXProject section */

/* Begin PBXResourcesBuildPhase section */
		173DD1792A9458D8000B3133 /* Resources */ = {
			isa = PBXResourcesBuildPhase;
			buildActionMask = 2147483647;
			files = (
				175533CC2A99A09700E714BA /* hikeData.json in Resources */,
				173DD1862A9458D9000B3133 /* Preview Assets.xcassets in Resources */,
				173DD1832A9458D9000B3133 /* Assets.xcassets in Resources */,
				179577772A95521700411CF9 /* landmarkData.json in Resources */,
			);
			runOnlyForDeploymentPostprocessing = 0;
		};
		173DD1892A9458D9000B3133 /* Resources */ = {
			isa = PBXResourcesBuildPhase;
			buildActionMask = 2147483647;
			files = (
			);
			runOnlyForDeploymentPostprocessing = 0;
		};
		173DD1932A9458D9000B3133 /* Resources */ = {
			isa = PBXResourcesBuildPhase;
			buildActionMask = 2147483647;
			files = (
			);
			runOnlyForDeploymentPostprocessing = 0;
		};
/* End PBXResourcesBuildPhase section */

/* Begin PBXSourcesBuildPhase section */
		173DD1772A9458D8000B3133 /* Sources */ = {
			isa = PBXSourcesBuildPhase;
			buildActionMask = 2147483647;
			files = (
				173DD1812A9458D8000B3133 /* ContentView.swift in Sources */,
				175533D52A99A35E00E714BA /* HikeGraph.swift in Sources */,
				175533C92A999BD100E714BA /* Badge.swift in Sources */,
				179577752A9546FF00411CF9 /* MapView.swift in Sources */,
				175533D42A99A35E00E714BA /* GraphCapsule.swift in Sources */,
				173DD17F2A9458D8000B3133 /* LandmarksApp.swift in Sources */,
				176723382A981B0800689E82 /* FavoriteButton.swift in Sources */,
				175533D62A99A35E00E714BA /* HikeDetail.swift in Sources */,
				175533C12A99926800E714BA /* HexagonParameters.swift in Sources */,
				175533CE2A99A1DB00E714BA /* Hike.swift in Sources */,
				175533C72A999B5400E714BA /* RotatedBadgeSymbol.swift in Sources */,
				175533C52A999AAA00E714BA /* BadgeSymbol.swift in Sources */,
				176723342A96F96C00689E82 /* LandmarkList.swift in Sources */,
				175533D72A99A35E00E714BA /* HikeView.swift in Sources */,
				176723362A96FF1A00689E82 /* LandmarkDetail.swift in Sources */,
				175533C32A99949B00E714BA /* BadgeBackground.swift in Sources */,
				173DD1AB2A9460E7000B3133 /* CircleImage.swift in Sources */,
				179577792A95523200411CF9 /* Landmark.swift in Sources */,
				176723322A96F36E00689E82 /* LandmarkRow.swift in Sources */,
				1767232C2A9593A700689E82 /* ModelData.swift in Sources */,
			);
			runOnlyForDeploymentPostprocessing = 0;
		};
		173DD1872A9458D9000B3133 /* Sources */ = {
			isa = PBXSourcesBuildPhase;
			buildActionMask = 2147483647;
			files = (
				173DD1902A9458D9000B3133 /* LandmarksTests.swift in Sources */,
			);
			runOnlyForDeploymentPostprocessing = 0;
		};
		173DD1912A9458D9000B3133 /* Sources */ = {
			isa = PBXSourcesBuildPhase;
			buildActionMask = 2147483647;
			files = (
				173DD19C2A9458D9000B3133 /* LandmarksUITestsLaunchTests.swift in Sources */,
				173DD19A2A9458D9000B3133 /* LandmarksUITests.swift in Sources */,
			);
			runOnlyForDeploymentPostprocessing = 0;
		};
/* End PBXSourcesBuildPhase section */

/* Begin PBXTargetDependency section */
		173DD18D2A9458D9000B3133 /* PBXTargetDependency */ = {
			isa = PBXTargetDependency;
			target = 173DD17A2A9458D8000B3133 /* Landmarks */;
			targetProxy = 173DD18C2A9458D9000B3133 /* PBXContainerItemProxy */;
		};
		173DD1972A9458D9000B3133 /* PBXTargetDependency */ = {
			isa = PBXTargetDependency;
			target = 173DD17A2A9458D8000B3133 /* Landmarks */;
			targetProxy = 173DD1962A9458D9000B3133 /* PBXContainerItemProxy */;
		};
/* End PBXTargetDependency section */

/* Begin XCBuildConfiguration section */
		173DD19D2A9458D9000B3133 /* Debug */ = {
			isa = XCBuildConfiguration;
			buildSettings = {
				ALWAYS_SEARCH_USER_PATHS = NO;
				CLANG_ANALYZER_NONNULL = YES;
				CLANG_ANALYZER_NUMBER_OBJECT_CONVERSION = YES_AGGRESSIVE;
				CLANG_CXX_LANGUAGE_STANDARD = "gnu++20";
				CLANG_ENABLE_MODULES = YES;
				CLANG_ENABLE_OBJC_ARC = YES;
				CLANG_ENABLE_OBJC_WEAK = YES;
				CLANG_WARN_BLOCK_CAPTURE_AUTORELEASING = YES;
				CLANG_WARN_BOOL_CONVERSION = YES;
				CLANG_WARN_COMMA = YES;
				CLANG_WARN_CONSTANT_CONVERSION = YES;
				CLANG_WARN_DEPRECATED_OBJC_IMPLEMENTATIONS = YES;
				CLANG_WARN_DIRECT_OBJC_ISA_USAGE = YES_ERROR;
				CLANG_WARN_DOCUMENTATION_COMMENTS = YES;
				CLANG_WARN_EMPTY_BODY = YES;
				CLANG_WARN_ENUM_CONVERSION = YES;
				CLANG_WARN_INFINITE_RECURSION = YES;
				CLANG_WARN_INT_CONVERSION = YES;
				CLANG_WARN_NON_LITERAL_NULL_CONVERSION = YES;
				CLANG_WARN_OBJC_IMPLICIT_RETAIN_SELF = YES;
				CLANG_WARN_OBJC_LITERAL_CONVERSION = YES;
				CLANG_WARN_OBJC_ROOT_CLASS = YES_ERROR;
				CLANG_WARN_QUOTED_INCLUDE_IN_FRAMEWORK_HEADER = YES;
				CLANG_WARN_RANGE_LOOP_ANALYSIS = YES;
				CLANG_WARN_STRICT_PROTOTYPES = YES;
				CLANG_WARN_SUSPICIOUS_MOVE = YES;
				CLANG_WARN_UNGUARDED_AVAILABILITY = YES_AGGRESSIVE;
				CLANG_WARN_UNREACHABLE_CODE = YES;
				CLANG_WARN__DUPLICATE_METHOD_MATCH = YES;
				COPY_PHASE_STRIP = NO;
				DEBUG_INFORMATION_FORMAT = dwarf;
				ENABLE_STRICT_OBJC_MSGSEND = YES;
				ENABLE_TESTABILITY = YES;
				GCC_C_LANGUAGE_STANDARD = gnu11;
				GCC_DYNAMIC_NO_PIC = NO;
				GCC_NO_COMMON_BLOCKS = YES;
				GCC_OPTIMIZATION_LEVEL = 0;
				GCC_PREPROCESSOR_DEFINITIONS = (
					"DEBUG=1",
					"$(inherited)",
				);
				GCC_WARN_64_TO_32_BIT_CONVERSION = YES;
				GCC_WARN_ABOUT_RETURN_TYPE = YES_ERROR;
				GCC_WARN_UNDECLARED_SELECTOR = YES;
				GCC_WARN_UNINITIALIZED_AUTOS = YES_AGGRESSIVE;
				GCC_WARN_UNUSED_FUNCTION = YES;
				GCC_WARN_UNUSED_VARIABLE = YES;
				IPHONEOS_DEPLOYMENT_TARGET = 16.4;
				MTL_ENABLE_DEBUG_INFO = INCLUDE_SOURCE;
				MTL_FAST_MATH = YES;
				ONLY_ACTIVE_ARCH = YES;
				SDKROOT = iphoneos;
				SWIFT_ACTIVE_COMPILATION_CONDITIONS = DEBUG;
				SWIFT_OPTIMIZATION_LEVEL = "-Onone";
			};
			name = Debug;
		};
		173DD19E2A9458D9000B3133 /* Release */ = {
			isa = XCBuildConfiguration;
			buildSettings = {
				ALWAYS_SEARCH_USER_PATHS = NO;
				CLANG_ANALYZER_NONNULL = YES;
				CLANG_ANALYZER_NUMBER_OBJECT_CONVERSION = YES_AGGRESSIVE;
				CLANG_CXX_LANGUAGE_STANDARD = "gnu++20";
				CLANG_ENABLE_MODULES = YES;
				CLANG_ENABLE_OBJC_ARC = YES;
				CLANG_ENABLE_OBJC_WEAK = YES;
				CLANG_WARN_BLOCK_CAPTURE_AUTORELEASING = YES;
				CLANG_WARN_BOOL_CONVERSION = YES;
				CLANG_WARN_COMMA = YES;
				CLANG_WARN_CONSTANT_CONVERSION = YES;
				CLANG_WARN_DEPRECATED_OBJC_IMPLEMENTATIONS = YES;
				CLANG_WARN_DIRECT_OBJC_ISA_USAGE = YES_ERROR;
				CLANG_WARN_DOCUMENTATION_COMMENTS = YES;
				CLANG_WARN_EMPTY_BODY = YES;
				CLANG_WARN_ENUM_CONVERSION = YES;
				CLANG_WARN_INFINITE_RECURSION = YES;
				CLANG_WARN_INT_CONVERSION = YES;
				CLANG_WARN_NON_LITERAL_NULL_CONVERSION = YES;
				CLANG_WARN_OBJC_IMPLICIT_RETAIN_SELF = YES;
				CLANG_WARN_OBJC_LITERAL_CONVERSION = YES;
				CLANG_WARN_OBJC_ROOT_CLASS = YES_ERROR;
				CLANG_WARN_QUOTED_INCLUDE_IN_FRAMEWORK_HEADER = YES;
				CLANG_WARN_RANGE_LOOP_ANALYSIS = YES;
				CLANG_WARN_STRICT_PROTOTYPES = YES;
				CLANG_WARN_SUSPICIOUS_MOVE = YES;
				CLANG_WARN_UNGUARDED_AVAILABILITY = YES_AGGRESSIVE;
				CLANG_WARN_UNREACHABLE_CODE = YES;
				CLANG_WARN__DUPLICATE_METHOD_MATCH = YES;
				COPY_PHASE_STRIP = NO;
				DEBUG_INFORMATION_FORMAT = "dwarf-with-dsym";
				ENABLE_NS_ASSERTIONS = NO;
				ENABLE_STRICT_OBJC_MSGSEND = YES;
				GCC_C_LANGUAGE_STANDARD = gnu11;
				GCC_NO_COMMON_BLOCKS = YES;
				GCC_WARN_64_TO_32_BIT_CONVERSION = YES;
				GCC_WARN_ABOUT_RETURN_TYPE = YES_ERROR;
				GCC_WARN_UNDECLARED_SELECTOR = YES;
				GCC_WARN_UNINITIALIZED_AUTOS = YES_AGGRESSIVE;
				GCC_WARN_UNUSED_FUNCTION = YES;
				GCC_WARN_UNUSED_VARIABLE = YES;
				IPHONEOS_DEPLOYMENT_TARGET = 16.4;
				MTL_ENABLE_DEBUG_INFO = NO;
				MTL_FAST_MATH = YES;
				SDKROOT = iphoneos;
				SWIFT_COMPILATION_MODE = wholemodule;
				SWIFT_OPTIMIZATION_LEVEL = "-O";
				VALIDATE_PRODUCT = YES;
			};
			name = Release;
		};
		173DD1A02A9458D9000B3133 /* Debug */ = {
			isa = XCBuildConfiguration;
			buildSettings = {
				ASSETCATALOG_COMPILER_APPICON_NAME = AppIcon;
				ASSETCATALOG_COMPILER_GLOBAL_ACCENT_COLOR_NAME = AccentColor;
				CODE_SIGN_STYLE = Automatic;
				CURRENT_PROJECT_VERSION = 1;
				DEVELOPMENT_ASSET_PATHS = "\"Landmarks/Preview Content\"";
				ENABLE_PREVIEWS = YES;
				GENERATE_INFOPLIST_FILE = YES;
				INFOPLIST_KEY_UIApplicationSceneManifest_Generation = YES;
				INFOPLIST_KEY_UIApplicationSupportsIndirectInputEvents = YES;
				INFOPLIST_KEY_UILaunchScreen_Generation = YES;
				INFOPLIST_KEY_UISupportedInterfaceOrientations_iPad = "UIInterfaceOrientationPortrait UIInterfaceOrientationPortraitUpsideDown UIInterfaceOrientationLandscapeLeft UIInterfaceOrientationLandscapeRight";
				INFOPLIST_KEY_UISupportedInterfaceOrientations_iPhone = "UIInterfaceOrientationPortrait UIInterfaceOrientationLandscapeLeft UIInterfaceOrientationLandscapeRight";
				LD_RUNPATH_SEARCH_PATHS = (
					"$(inherited)",
					"@executable_path/Frameworks",
				);
				MARKETING_VERSION = 1.0;
				PRODUCT_BUNDLE_IDENTIFIER = com.chriscodinglife.Landmarks;
				PRODUCT_NAME = "$(TARGET_NAME)";
				SWIFT_EMIT_LOC_STRINGS = YES;
				SWIFT_VERSION = 5.0;
				TARGETED_DEVICE_FAMILY = "1,2";
			};
			name = Debug;
		};
		173DD1A12A9458D9000B3133 /* Release */ = {
			isa = XCBuildConfiguration;
			buildSettings = {
				ASSETCATALOG_COMPILER_APPICON_NAME = AppIcon;
				ASSETCATALOG_COMPILER_GLOBAL_ACCENT_COLOR_NAME = AccentColor;
				CODE_SIGN_STYLE = Automatic;
				CURRENT_PROJECT_VERSION = 1;
				DEVELOPMENT_ASSET_PATHS = "\"Landmarks/Preview Content\"";
				ENABLE_PREVIEWS = YES;
				GENERATE_INFOPLIST_FILE = YES;
				INFOPLIST_KEY_UIApplicationSceneManifest_Generation = YES;
				INFOPLIST_KEY_UIApplicationSupportsIndirectInputEvents = YES;
				INFOPLIST_KEY_UILaunchScreen_Generation = YES;
				INFOPLIST_KEY_UISupportedInterfaceOrientations_iPad = "UIInterfaceOrientationPortrait UIInterfaceOrientationPortraitUpsideDown UIInterfaceOrientationLandscapeLeft UIInterfaceOrientationLandscapeRight";
				INFOPLIST_KEY_UISupportedInterfaceOrientations_iPhone = "UIInterfaceOrientationPortrait UIInterfaceOrientationLandscapeLeft UIInterfaceOrientationLandscapeRight";
				LD_RUNPATH_SEARCH_PATHS = (
					"$(inherited)",
					"@executable_path/Frameworks",
				);
				MARKETING_VERSION = 1.0;
				PRODUCT_BUNDLE_IDENTIFIER = com.chriscodinglife.Landmarks;
				PRODUCT_NAME = "$(TARGET_NAME)";
				SWIFT_EMIT_LOC_STRINGS = YES;
				SWIFT_VERSION = 5.0;
				TARGETED_DEVICE_FAMILY = "1,2";
			};
			name = Release;
		};
		173DD1A32A9458D9000B3133 /* Debug */ = {
			isa = XCBuildConfiguration;
			buildSettings = {
				ALWAYS_EMBED_SWIFT_STANDARD_LIBRARIES = YES;
				BUNDLE_LOADER = "$(TEST_HOST)";
				CODE_SIGN_STYLE = Automatic;
				CURRENT_PROJECT_VERSION = 1;
				GENERATE_INFOPLIST_FILE = YES;
				IPHONEOS_DEPLOYMENT_TARGET = 16.4;
				MARKETING_VERSION = 1.0;
				PRODUCT_BUNDLE_IDENTIFIER = com.chriscodinglife.LandmarksTests;
				PRODUCT_NAME = "$(TARGET_NAME)";
				SWIFT_EMIT_LOC_STRINGS = NO;
				SWIFT_VERSION = 5.0;
				TARGETED_DEVICE_FAMILY = "1,2";
				TEST_HOST = "$(BUILT_PRODUCTS_DIR)/Landmarks.app/$(BUNDLE_EXECUTABLE_FOLDER_PATH)/Landmarks";
			};
			name = Debug;
		};
		173DD1A42A9458D9000B3133 /* Release */ = {
			isa = XCBuildConfiguration;
			buildSettings = {
				ALWAYS_EMBED_SWIFT_STANDARD_LIBRARIES = YES;
				BUNDLE_LOADER = "$(TEST_HOST)";
				CODE_SIGN_STYLE = Automatic;
				CURRENT_PROJECT_VERSION = 1;
				GENERATE_INFOPLIST_FILE = YES;
				IPHONEOS_DEPLOYMENT_TARGET = 16.4;
				MARKETING_VERSION = 1.0;
				PRODUCT_BUNDLE_IDENTIFIER = com.chriscodinglife.LandmarksTests;
				PRODUCT_NAME = "$(TARGET_NAME)";
				SWIFT_EMIT_LOC_STRINGS = NO;
				SWIFT_VERSION = 5.0;
				TARGETED_DEVICE_FAMILY = "1,2";
				TEST_HOST = "$(BUILT_PRODUCTS_DIR)/Landmarks.app/$(BUNDLE_EXECUTABLE_FOLDER_PATH)/Landmarks";
			};
			name = Release;
		};
		173DD1A62A9458D9000B3133 /* Debug */ = {
			isa = XCBuildConfiguration;
			buildSettings = {
				ALWAYS_EMBED_SWIFT_STANDARD_LIBRARIES = YES;
				CODE_SIGN_STYLE = Automatic;
				CURRENT_PROJECT_VERSION = 1;
				GENERATE_INFOPLIST_FILE = YES;
				MARKETING_VERSION = 1.0;
				PRODUCT_BUNDLE_IDENTIFIER = com.chriscodinglife.LandmarksUITests;
				PRODUCT_NAME = "$(TARGET_NAME)";
				SWIFT_EMIT_LOC_STRINGS = NO;
				SWIFT_VERSION = 5.0;
				TARGETED_DEVICE_FAMILY = "1,2";
				TEST_TARGET_NAME = Landmarks;
			};
			name = Debug;
		};
		173DD1A72A9458D9000B3133 /* Release */ = {
			isa = XCBuildConfiguration;
			buildSettings = {
				ALWAYS_EMBED_SWIFT_STANDARD_LIBRARIES = YES;
				CODE_SIGN_STYLE = Automatic;
				CURRENT_PROJECT_VERSION = 1;
				GENERATE_INFOPLIST_FILE = YES;
				MARKETING_VERSION = 1.0;
				PRODUCT_BUNDLE_IDENTIFIER = com.chriscodinglife.LandmarksUITests;
				PRODUCT_NAME = "$(TARGET_NAME)";
				SWIFT_EMIT_LOC_STRINGS = NO;
				SWIFT_VERSION = 5.0;
				TARGETED_DEVICE_FAMILY = "1,2";
				TEST_TARGET_NAME = Landmarks;
			};
			name = Release;
		};
/* End XCBuildConfiguration section */

/* Begin XCConfigurationList section */
		173DD1762A9458D8000B3133 /* Build configuration list for PBXProject "Landmarks" */ = {
			isa = XCConfigurationList;
			buildConfigurations = (
				173DD19D2A9458D9000B3133 /* Debug */,
				173DD19E2A9458D9000B3133 /* Release */,
			);
			defaultConfigurationIsVisible = 0;
			defaultConfigurationName = Release;
		};
		173DD19F2A9458D9000B3133 /* Build configuration list for PBXNativeTarget "Landmarks" */ = {
			isa = XCConfigurationList;
			buildConfigurations = (
				173DD1A02A9458D9000B3133 /* Debug */,
				173DD1A12A9458D9000B3133 /* Release */,
			);
			defaultConfigurationIsVisible = 0;
			defaultConfigurationName = Release;
		};
		173DD1A22A9458D9000B3133 /* Build configuration list for PBXNativeTarget "LandmarksTests" */ = {
			isa = XCConfigurationList;
			buildConfigurations = (
				173DD1A32A9458D9000B3133 /* Debug */,
				173DD1A42A9458D9000B3133 /* Release */,
			);
			defaultConfigurationIsVisible = 0;
			defaultConfigurationName = Release;
		};
		173DD1A52A9458D9000B3133 /* Build configuration list for PBXNativeTarget "LandmarksUITests" */ = {
			isa = XCConfigurationList;
			buildConfigurations = (
				173DD1A62A9458D9000B3133 /* Debug */,
				173DD1A72A9458D9000B3133 /* Release */,
			);
			defaultConfigurationIsVisible = 0;
			defaultConfigurationName = Release;
		};
/* End XCConfigurationList section */
	};
	rootObject = 173DD1732A9458D8000B3133 /* Project object */;
}
